// !$*UTF8*$!
{
	archiveVersion = 1;
	classes = {
	};
	objectVersion = 56;
	objects = {

/* Begin PBXBuildFile section */
		2F475F382C7BCA62002C180F /* GoogleService-Info.plist in Resources */ = {isa = PBXBuildFile; fileRef = 2F475F372C7BCA62002C180F /* GoogleService-Info.plist */; };
		2F6191E52C82288C00A48D18 /* FeedViewModel.swift in Sources */ = {isa = PBXBuildFile; fileRef = 2F6191E42C82288C00A48D18 /* FeedViewModel.swift */; };
		2F6191E72C8228E500A48D18 /* PostService.swift in Sources */ = {isa = PBXBuildFile; fileRef = 2F6191E62C8228E500A48D18 /* PostService.swift */; };
		2F94D1802C70CC660026D15A /* CreateUsernameView.swift in Sources */ = {isa = PBXBuildFile; fileRef = 2F94D17F2C70CC660026D15A /* CreateUsernameView.swift */; };
		2F94D1822C70D7F40026D15A /* CreatePasswordView.swift in Sources */ = {isa = PBXBuildFile; fileRef = 2F94D1812C70D7F40026D15A /* CreatePasswordView.swift */; };
		2F94D1842C70D9260026D15A /* CompleteSignUpView.swift in Sources */ = {isa = PBXBuildFile; fileRef = 2F94D1832C70D9260026D15A /* CompleteSignUpView.swift */; };
		2F94D1862C70E6650026D15A /* FeedCell.swift in Sources */ = {isa = PBXBuildFile; fileRef = 2F94D1852C70E6650026D15A /* FeedCell.swift */; };
		2FB558EF2C7C8679006F9B05 /* FirebaseAuth in Frameworks */ = {isa = PBXBuildFile; productRef = 2FB558EE2C7C8679006F9B05 /* FirebaseAuth */; };
		2FB558F12C7C8679006F9B05 /* FirebaseFirestore in Frameworks */ = {isa = PBXBuildFile; productRef = 2FB558F02C7C8679006F9B05 /* FirebaseFirestore */; };
		2FB558F32C7C8679006F9B05 /* FirebaseStorage in Frameworks */ = {isa = PBXBuildFile; productRef = 2FB558F22C7C8679006F9B05 /* FirebaseStorage */; };
		2FB558F62C7C8E96006F9B05 /* AuthService.swift in Sources */ = {isa = PBXBuildFile; fileRef = 2FB558F52C7C8E96006F9B05 /* AuthService.swift */; };
		2FB558F82C7C8F8E006F9B05 /* ContentViewModel.swift in Sources */ = {isa = PBXBuildFile; fileRef = 2FB558F72C7C8F8E006F9B05 /* ContentViewModel.swift */; };
		2FC4F1212C7C98D7000C48D6 /* RegistrationViewModel.swift in Sources */ = {isa = PBXBuildFile; fileRef = 2FC4F1202C7C98D7000C48D6 /* RegistrationViewModel.swift */; };
		2FC4F1232C7CAFE3000C48D6 /* LoginViewModel.swift in Sources */ = {isa = PBXBuildFile; fileRef = 2FC4F1222C7CAFE3000C48D6 /* LoginViewModel.swift */; };
		2FC4F1252C7CD6F6000C48D6 /* FirebaseDatabase in Frameworks */ = {isa = PBXBuildFile; productRef = 2FC4F1242C7CD6F6000C48D6 /* FirebaseDatabase */; };
		2FC4F1272C7CE781000C48D6 /* UserService.swift in Sources */ = {isa = PBXBuildFile; fileRef = 2FC4F1262C7CE781000C48D6 /* UserService.swift */; };
		2FC4F1292C7CE809000C48D6 /* SearchViewModel.swift in Sources */ = {isa = PBXBuildFile; fileRef = 2FC4F1282C7CE809000C48D6 /* SearchViewModel.swift */; };
		2FC796B22C7FCBD0007C09C8 /* UploadPostViewModel.swift in Sources */ = {isa = PBXBuildFile; fileRef = 2FC796B12C7FCBD0007C09C8 /* UploadPostViewModel.swift */; };
		2FC796B42C7FD1B8007C09C8 /* EditProfileView.swift in Sources */ = {isa = PBXBuildFile; fileRef = 2FC796B32C7FD1B8007C09C8 /* EditProfileView.swift */; };
		2FC796B62C800DE8007C09C8 /* EditProfileViewModel.swift in Sources */ = {isa = PBXBuildFile; fileRef = 2FC796B52C800DE8007C09C8 /* EditProfileViewModel.swift */; };
		2FC796B82C801CFC007C09C8 /* ImageUploader.swift in Sources */ = {isa = PBXBuildFile; fileRef = 2FC796B72C801CFC007C09C8 /* ImageUploader.swift */; };
		2FEBDDB62C7E54A7009CE6AC /* UserProfileView.swift in Sources */ = {isa = PBXBuildFile; fileRef = 2FEBDDB52C7E54A7009CE6AC /* UserProfileView.swift */; };
		2FF6B10E2C6F969C00ECF5EE /* InstagramCloneApp.swift in Sources */ = {isa = PBXBuildFile; fileRef = 2FF6B10D2C6F969C00ECF5EE /* InstagramCloneApp.swift */; };
		2FF6B1102C6F969C00ECF5EE /* ContentView.swift in Sources */ = {isa = PBXBuildFile; fileRef = 2FF6B10F2C6F969C00ECF5EE /* ContentView.swift */; };
		2FF6B1122C6F969D00ECF5EE /* Assets.xcassets in Resources */ = {isa = PBXBuildFile; fileRef = 2FF6B1112C6F969D00ECF5EE /* Assets.xcassets */; };
		2FF6B1152C6F969D00ECF5EE /* Preview Assets.xcassets in Resources */ = {isa = PBXBuildFile; fileRef = 2FF6B1142C6F969D00ECF5EE /* Preview Assets.xcassets */; };
		2FF6B11C2C6F976400ECF5EE /* MainTabView.swift in Sources */ = {isa = PBXBuildFile; fileRef = 2FF6B11B2C6F976400ECF5EE /* MainTabView.swift */; };
		2FF6B11E2C6F978600ECF5EE /* FeedView.swift in Sources */ = {isa = PBXBuildFile; fileRef = 2FF6B11D2C6F978600ECF5EE /* FeedView.swift */; };
		2FF6B1202C6F979400ECF5EE /* SearchView.swift in Sources */ = {isa = PBXBuildFile; fileRef = 2FF6B11F2C6F979400ECF5EE /* SearchView.swift */; };
		2FF6B1222C6F97AD00ECF5EE /* UploadPostView.swift in Sources */ = {isa = PBXBuildFile; fileRef = 2FF6B1212C6F97AD00ECF5EE /* UploadPostView.swift */; };
		2FF6B1242C6F97DE00ECF5EE /* CurrentUserProfileView.swift in Sources */ = {isa = PBXBuildFile; fileRef = 2FF6B1232C6F97DE00ECF5EE /* CurrentUserProfileView.swift */; };
		2FF6B1262C6FA12500ECF5EE /* LoginView.swift in Sources */ = {isa = PBXBuildFile; fileRef = 2FF6B1252C6FA12500ECF5EE /* LoginView.swift */; };
		2FF6B1282C6FA6E100ECF5EE /* AddEmailView.swift in Sources */ = {isa = PBXBuildFile; fileRef = 2FF6B1272C6FA6E100ECF5EE /* AddEmailView.swift */; };
		2FFA11962C7B4B1C00912556 /* User.swift in Sources */ = {isa = PBXBuildFile; fileRef = 2FFA11952C7B4B1C00912556 /* User.swift */; };
		2FFA11982C7B863C00912556 /* Post.swift in Sources */ = {isa = PBXBuildFile; fileRef = 2FFA11972C7B863C00912556 /* Post.swift */; };
/* End PBXBuildFile section */

/* Begin PBXFileReference section */
		2F475F372C7BCA62002C180F /* GoogleService-Info.plist */ = {isa = PBXFileReference; fileEncoding = 4; lastKnownFileType = text.plist.xml; path = "GoogleService-Info.plist"; sourceTree = SOURCE_ROOT; };
		2F6191E42C82288C00A48D18 /* FeedViewModel.swift */ = {isa = PBXFileReference; lastKnownFileType = sourcecode.swift; path = FeedViewModel.swift; sourceTree = "<group>"; };
		2F6191E62C8228E500A48D18 /* PostService.swift */ = {isa = PBXFileReference; lastKnownFileType = sourcecode.swift; path = PostService.swift; sourceTree = "<group>"; };
		2F94D17F2C70CC660026D15A /* CreateUsernameView.swift */ = {isa = PBXFileReference; lastKnownFileType = sourcecode.swift; path = CreateUsernameView.swift; sourceTree = "<group>"; };
		2F94D1812C70D7F40026D15A /* CreatePasswordView.swift */ = {isa = PBXFileReference; lastKnownFileType = sourcecode.swift; path = CreatePasswordView.swift; sourceTree = "<group>"; };
		2F94D1832C70D9260026D15A /* CompleteSignUpView.swift */ = {isa = PBXFileReference; lastKnownFileType = sourcecode.swift; path = CompleteSignUpView.swift; sourceTree = "<group>"; };
		2F94D1852C70E6650026D15A /* FeedCell.swift */ = {isa = PBXFileReference; lastKnownFileType = sourcecode.swift; path = FeedCell.swift; sourceTree = "<group>"; };
		2FB558F52C7C8E96006F9B05 /* AuthService.swift */ = {isa = PBXFileReference; lastKnownFileType = sourcecode.swift; path = AuthService.swift; sourceTree = "<group>"; };
		2FB558F72C7C8F8E006F9B05 /* ContentViewModel.swift */ = {isa = PBXFileReference; lastKnownFileType = sourcecode.swift; path = ContentViewModel.swift; sourceTree = "<group>"; };
		2FC4F1202C7C98D7000C48D6 /* RegistrationViewModel.swift */ = {isa = PBXFileReference; lastKnownFileType = sourcecode.swift; path = RegistrationViewModel.swift; sourceTree = "<group>"; };
		2FC4F1222C7CAFE3000C48D6 /* LoginViewModel.swift */ = {isa = PBXFileReference; lastKnownFileType = sourcecode.swift; path = LoginViewModel.swift; sourceTree = "<group>"; };
		2FC4F1262C7CE781000C48D6 /* UserService.swift */ = {isa = PBXFileReference; lastKnownFileType = sourcecode.swift; path = UserService.swift; sourceTree = "<group>"; };
		2FC4F1282C7CE809000C48D6 /* SearchViewModel.swift */ = {isa = PBXFileReference; lastKnownFileType = sourcecode.swift; path = SearchViewModel.swift; sourceTree = "<group>"; };
		2FC796B12C7FCBD0007C09C8 /* UploadPostViewModel.swift */ = {isa = PBXFileReference; lastKnownFileType = sourcecode.swift; path = UploadPostViewModel.swift; sourceTree = "<group>"; };
		2FC796B32C7FD1B8007C09C8 /* EditProfileView.swift */ = {isa = PBXFileReference; lastKnownFileType = sourcecode.swift; path = EditProfileView.swift; sourceTree = "<group>"; };
		2FC796B52C800DE8007C09C8 /* EditProfileViewModel.swift */ = {isa = PBXFileReference; lastKnownFileType = sourcecode.swift; path = EditProfileViewModel.swift; sourceTree = "<group>"; };
		2FC796B72C801CFC007C09C8 /* ImageUploader.swift */ = {isa = PBXFileReference; lastKnownFileType = sourcecode.swift; path = ImageUploader.swift; sourceTree = "<group>"; };
		2FEBDDB52C7E54A7009CE6AC /* UserProfileView.swift */ = {isa = PBXFileReference; lastKnownFileType = sourcecode.swift; path = UserProfileView.swift; sourceTree = "<group>"; };
		2FF6B10A2C6F969C00ECF5EE /* InstagramClone.app */ = {isa = PBXFileReference; explicitFileType = wrapper.application; includeInIndex = 0; path = InstagramClone.app; sourceTree = BUILT_PRODUCTS_DIR; };
		2FF6B10D2C6F969C00ECF5EE /* InstagramCloneApp.swift */ = {isa = PBXFileReference; lastKnownFileType = sourcecode.swift; path = InstagramCloneApp.swift; sourceTree = "<group>"; };
		2FF6B10F2C6F969C00ECF5EE /* ContentView.swift */ = {isa = PBXFileReference; lastKnownFileType = sourcecode.swift; path = ContentView.swift; sourceTree = "<group>"; };
		2FF6B1112C6F969D00ECF5EE /* Assets.xcassets */ = {isa = PBXFileReference; lastKnownFileType = folder.assetcatalog; path = Assets.xcassets; sourceTree = "<group>"; };
		2FF6B1142C6F969D00ECF5EE /* Preview Assets.xcassets */ = {isa = PBXFileReference; lastKnownFileType = folder.assetcatalog; path = "Preview Assets.xcassets"; sourceTree = "<group>"; };
		2FF6B11B2C6F976400ECF5EE /* MainTabView.swift */ = {isa = PBXFileReference; lastKnownFileType = sourcecode.swift; path = MainTabView.swift; sourceTree = "<group>"; };
		2FF6B11D2C6F978600ECF5EE /* FeedView.swift */ = {isa = PBXFileReference; lastKnownFileType = sourcecode.swift; path = FeedView.swift; sourceTree = "<group>"; };
		2FF6B11F2C6F979400ECF5EE /* SearchView.swift */ = {isa = PBXFileReference; lastKnownFileType = sourcecode.swift; path = SearchView.swift; sourceTree = "<group>"; };
		2FF6B1212C6F97AD00ECF5EE /* UploadPostView.swift */ = {isa = PBXFileReference; lastKnownFileType = sourcecode.swift; path = UploadPostView.swift; sourceTree = "<group>"; };
		2FF6B1232C6F97DE00ECF5EE /* CurrentUserProfileView.swift */ = {isa = PBXFileReference; lastKnownFileType = sourcecode.swift; path = CurrentUserProfileView.swift; sourceTree = "<group>"; };
		2FF6B1252C6FA12500ECF5EE /* LoginView.swift */ = {isa = PBXFileReference; lastKnownFileType = sourcecode.swift; path = LoginView.swift; sourceTree = "<group>"; };
		2FF6B1272C6FA6E100ECF5EE /* AddEmailView.swift */ = {isa = PBXFileReference; lastKnownFileType = sourcecode.swift; path = AddEmailView.swift; sourceTree = "<group>"; };
		2FFA11952C7B4B1C00912556 /* User.swift */ = {isa = PBXFileReference; lastKnownFileType = sourcecode.swift; path = User.swift; sourceTree = "<group>"; };
		2FFA11972C7B863C00912556 /* Post.swift */ = {isa = PBXFileReference; lastKnownFileType = sourcecode.swift; path = Post.swift; sourceTree = "<group>"; };
/* End PBXFileReference section */

/* Begin PBXFrameworksBuildPhase section */
		2FF6B1072C6F969C00ECF5EE /* Frameworks */ = {
			isa = PBXFrameworksBuildPhase;
			buildActionMask = 2147483647;
			files = (
				2FB558EF2C7C8679006F9B05 /* FirebaseAuth in Frameworks */,
				2FB558F12C7C8679006F9B05 /* FirebaseFirestore in Frameworks */,
				2FC4F1252C7CD6F6000C48D6 /* FirebaseDatabase in Frameworks */,
				2FB558F32C7C8679006F9B05 /* FirebaseStorage in Frameworks */,
			);
			runOnlyForDeploymentPostprocessing = 0;
		};
/* End PBXFrameworksBuildPhase section */

/* Begin PBXGroup section */
		2FB558F42C7C8E64006F9B05 /* Authentication */ = {
			isa = PBXGroup;
			children = (
				2FF6B1252C6FA12500ECF5EE /* LoginView.swift */,
				2F94D17F2C70CC660026D15A /* CreateUsernameView.swift */,
				2F94D1812C70D7F40026D15A /* CreatePasswordView.swift */,
				2F94D1832C70D9260026D15A /* CompleteSignUpView.swift */,
				2FF6B1272C6FA6E100ECF5EE /* AddEmailView.swift */,
				2FB558F52C7C8E96006F9B05 /* AuthService.swift */,
				2FC4F1202C7C98D7000C48D6 /* RegistrationViewModel.swift */,
				2FC4F1222C7CAFE3000C48D6 /* LoginViewModel.swift */,
			);
			path = Authentication;
			sourceTree = "<group>";
		};
		2FF6B1012C6F969C00ECF5EE = {
			isa = PBXGroup;
			children = (
				2FF6B10C2C6F969C00ECF5EE /* InstagramClone */,
				2FF6B10B2C6F969C00ECF5EE /* Products */,
			);
			sourceTree = "<group>";
		};
		2FF6B10B2C6F969C00ECF5EE /* Products */ = {
			isa = PBXGroup;
			children = (
				2FF6B10A2C6F969C00ECF5EE /* InstagramClone.app */,
			);
			name = Products;
			sourceTree = "<group>";
		};
		2FF6B10C2C6F969C00ECF5EE /* InstagramClone */ = {
			isa = PBXGroup;
			children = (
				2FFA11922C7B4A7E00912556 /* App */,
				2FFA11932C7B4A9000912556 /* Core */,
				2FFA11942C7B4A9D00912556 /* Model */,
				2FF6B1112C6F969D00ECF5EE /* Assets.xcassets */,
				2F475F372C7BCA62002C180F /* GoogleService-Info.plist */,
				2FF6B1132C6F969D00ECF5EE /* Preview Content */,
			);
			path = InstagramClone;
			sourceTree = "<group>";
		};
		2FF6B1132C6F969D00ECF5EE /* Preview Content */ = {
			isa = PBXGroup;
			children = (
				2FF6B1142C6F969D00ECF5EE /* Preview Assets.xcassets */,
			);
			path = "Preview Content";
			sourceTree = "<group>";
		};
		2FFA11922C7B4A7E00912556 /* App */ = {
			isa = PBXGroup;
			children = (
				2FF6B10D2C6F969C00ECF5EE /* InstagramCloneApp.swift */,
			);
			path = App;
			sourceTree = "<group>";
		};
		2FFA11932C7B4A9000912556 /* Core */ = {
			isa = PBXGroup;
			children = (
				2FB558F42C7C8E64006F9B05 /* Authentication */,
				2FF6B10F2C6F969C00ECF5EE /* ContentView.swift */,
				2FB558F72C7C8F8E006F9B05 /* ContentViewModel.swift */,
				2FF6B11B2C6F976400ECF5EE /* MainTabView.swift */,
				2FF6B11D2C6F978600ECF5EE /* FeedView.swift */,
				2F94D1852C70E6650026D15A /* FeedCell.swift */,
				2F6191E42C82288C00A48D18 /* FeedViewModel.swift */,
				2FF6B11F2C6F979400ECF5EE /* SearchView.swift */,
				2FC4F1282C7CE809000C48D6 /* SearchViewModel.swift */,
				2FF6B1232C6F97DE00ECF5EE /* CurrentUserProfileView.swift */,
				2FEBDDB52C7E54A7009CE6AC /* UserProfileView.swift */,
				2FF6B1212C6F97AD00ECF5EE /* UploadPostView.swift */,
				2FC796B12C7FCBD0007C09C8 /* UploadPostViewModel.swift */,
				2FC796B32C7FD1B8007C09C8 /* EditProfileView.swift */,
				2FC796B52C800DE8007C09C8 /* EditProfileViewModel.swift */,
				2FC796B72C801CFC007C09C8 /* ImageUploader.swift */,
				2F6191E62C8228E500A48D18 /* PostService.swift */,
				2FC4F1262C7CE781000C48D6 /* UserService.swift */,
			);
			path = Core;
			sourceTree = "<group>";
		};
		2FFA11942C7B4A9D00912556 /* Model */ = {
			isa = PBXGroup;
			children = (
				2FFA11952C7B4B1C00912556 /* User.swift */,
				2FFA11972C7B863C00912556 /* Post.swift */,
			);
			path = Model;
			sourceTree = "<group>";
		};
/* End PBXGroup section */

/* Begin PBXNativeTarget section */
		2FF6B1092C6F969C00ECF5EE /* InstagramClone */ = {
			isa = PBXNativeTarget;
			buildConfigurationList = 2FF6B1182C6F969D00ECF5EE /* Build configuration list for PBXNativeTarget "InstagramClone" */;
			buildPhases = (
				2FF6B1062C6F969C00ECF5EE /* Sources */,
				2FF6B1072C6F969C00ECF5EE /* Frameworks */,
				2FF6B1082C6F969C00ECF5EE /* Resources */,
			);
			buildRules = (
			);
			dependencies = (
			);
			name = InstagramClone;
			packageProductDependencies = (
				2FB558EE2C7C8679006F9B05 /* FirebaseAuth */,
				2FB558F02C7C8679006F9B05 /* FirebaseFirestore */,
				2FB558F22C7C8679006F9B05 /* FirebaseStorage */,
				2FC4F1242C7CD6F6000C48D6 /* FirebaseDatabase */,
			);
			productName = InstagramClone;
			productReference = 2FF6B10A2C6F969C00ECF5EE /* InstagramClone.app */;
			productType = "com.apple.product-type.application";
		};
/* End PBXNativeTarget section */

/* Begin PBXProject section */
		2FF6B1022C6F969C00ECF5EE /* Project object */ = {
			isa = PBXProject;
			attributes = {
				BuildIndependentTargetsInParallel = 1;
				LastSwiftUpdateCheck = 1540;
				LastUpgradeCheck = 1540;
				TargetAttributes = {
					2FF6B1092C6F969C00ECF5EE = {
						CreatedOnToolsVersion = 15.4;
					};
				};
			};
			buildConfigurationList = 2FF6B1052C6F969C00ECF5EE /* Build configuration list for PBXProject "InstagramClone" */;
			compatibilityVersion = "Xcode 14.0";
			developmentRegion = en;
			hasScannedForEncodings = 0;
			knownRegions = (
				en,
				Base,
			);
			mainGroup = 2FF6B1012C6F969C00ECF5EE;
			packageReferences = (
				2FB558ED2C7C8679006F9B05 /* XCRemoteSwiftPackageReference "firebase-ios-sdk" */,
			);
			productRefGroup = 2FF6B10B2C6F969C00ECF5EE /* Products */;
			projectDirPath = "";
			projectRoot = "";
			targets = (
				2FF6B1092C6F969C00ECF5EE /* InstagramClone */,
			);
		};
/* End PBXProject section */

/* Begin PBXResourcesBuildPhase section */
		2FF6B1082C6F969C00ECF5EE /* Resources */ = {
			isa = PBXResourcesBuildPhase;
			buildActionMask = 2147483647;
			files = (
				2FF6B1152C6F969D00ECF5EE /* Preview Assets.xcassets in Resources */,
				2FF6B1122C6F969D00ECF5EE /* Assets.xcassets in Resources */,
				2F475F382C7BCA62002C180F /* GoogleService-Info.plist in Resources */,
			);
			runOnlyForDeploymentPostprocessing = 0;
		};
/* End PBXResourcesBuildPhase section */

/* Begin PBXSourcesBuildPhase section */
		2FF6B1062C6F969C00ECF5EE /* Sources */ = {
			isa = PBXSourcesBuildPhase;
			buildActionMask = 2147483647;
			files = (
				2FF6B1202C6F979400ECF5EE /* SearchView.swift in Sources */,
				2FC796B22C7FCBD0007C09C8 /* UploadPostViewModel.swift in Sources */,
				2FC4F1212C7C98D7000C48D6 /* RegistrationViewModel.swift in Sources */,
				2F94D1862C70E6650026D15A /* FeedCell.swift in Sources */,
				2F94D1842C70D9260026D15A /* CompleteSignUpView.swift in Sources */,
				2FC796B82C801CFC007C09C8 /* ImageUploader.swift in Sources */,
				2FB558F82C7C8F8E006F9B05 /* ContentViewModel.swift in Sources */,
				2FF6B1222C6F97AD00ECF5EE /* UploadPostView.swift in Sources */,
				2FC796B62C800DE8007C09C8 /* EditProfileViewModel.swift in Sources */,
				2FF6B11E2C6F978600ECF5EE /* FeedView.swift in Sources */,
				2FEBDDB62C7E54A7009CE6AC /* UserProfileView.swift in Sources */,
				2FF6B1102C6F969C00ECF5EE /* ContentView.swift in Sources */,
				2FFA11962C7B4B1C00912556 /* User.swift in Sources */,
				2FF6B10E2C6F969C00ECF5EE /* InstagramCloneApp.swift in Sources */,
				2FF6B1242C6F97DE00ECF5EE /* CurrentUserProfileView.swift in Sources */,
				2FFA11982C7B863C00912556 /* Post.swift in Sources */,
				2F94D1802C70CC660026D15A /* CreateUsernameView.swift in Sources */,
				2F6191E52C82288C00A48D18 /* FeedViewModel.swift in Sources */,
				2F94D1822C70D7F40026D15A /* CreatePasswordView.swift in Sources */,
				2FF6B1282C6FA6E100ECF5EE /* AddEmailView.swift in Sources */,
				2FC4F1292C7CE809000C48D6 /* SearchViewModel.swift in Sources */,
				2FC796B42C7FD1B8007C09C8 /* EditProfileView.swift in Sources */,
				2FF6B1262C6FA12500ECF5EE /* LoginView.swift in Sources */,
				2F6191E72C8228E500A48D18 /* PostService.swift in Sources */,
				2FC4F1272C7CE781000C48D6 /* UserService.swift in Sources */,
				2FF6B11C2C6F976400ECF5EE /* MainTabView.swift in Sources */,
				2FC4F1232C7CAFE3000C48D6 /* LoginViewModel.swift in Sources */,
				2FB558F62C7C8E96006F9B05 /* AuthService.swift in Sources */,
			);
			runOnlyForDeploymentPostprocessing = 0;
		};
/* End PBXSourcesBuildPhase section */

/* Begin XCBuildConfiguration section */
		2FF6B1162C6F969D00ECF5EE /* Debug */ = {
			isa = XCBuildConfiguration;
			buildSettings = {
				ALWAYS_SEARCH_USER_PATHS = NO;
				ASSETCATALOG_COMPILER_GENERATE_SWIFT_ASSET_SYMBOL_EXTENSIONS = YES;
				CLANG_ANALYZER_NONNULL = YES;
				CLANG_ANALYZER_NUMBER_OBJECT_CONVERSION = YES_AGGRESSIVE;
				CLANG_CXX_LANGUAGE_STANDARD = "gnu++20";
				CLANG_ENABLE_MODULES = YES;
				CLANG_ENABLE_OBJC_ARC = YES;
				CLANG_ENABLE_OBJC_WEAK = YES;
				CLANG_WARN_BLOCK_CAPTURE_AUTORELEASING = YES;
				CLANG_WARN_BOOL_CONVERSION = YES;
				CLANG_WARN_COMMA = YES;
				CLANG_WARN_CONSTANT_CONVERSION = YES;
				CLANG_WARN_DEPRECATED_OBJC_IMPLEMENTATIONS = YES;
				CLANG_WARN_DIRECT_OBJC_ISA_USAGE = YES_ERROR;
				CLANG_WARN_DOCUMENTATION_COMMENTS = YES;
				CLANG_WARN_EMPTY_BODY = YES;
				CLANG_WARN_ENUM_CONVERSION = YES;
				CLANG_WARN_INFINITE_RECURSION = YES;
				CLANG_WARN_INT_CONVERSION = YES;
				CLANG_WARN_NON_LITERAL_NULL_CONVERSION = YES;
				CLANG_WARN_OBJC_IMPLICIT_RETAIN_SELF = YES;
				CLANG_WARN_OBJC_LITERAL_CONVERSION = YES;
				CLANG_WARN_OBJC_ROOT_CLASS = YES_ERROR;
				CLANG_WARN_QUOTED_INCLUDE_IN_FRAMEWORK_HEADER = YES;
				CLANG_WARN_RANGE_LOOP_ANALYSIS = YES;
				CLANG_WARN_STRICT_PROTOTYPES = YES;
				CLANG_WARN_SUSPICIOUS_MOVE = YES;
				CLANG_WARN_UNGUARDED_AVAILABILITY = YES_AGGRESSIVE;
				CLANG_WARN_UNREACHABLE_CODE = YES;
				CLANG_WARN__DUPLICATE_METHOD_MATCH = YES;
				COPY_PHASE_STRIP = NO;
				DEBUG_INFORMATION_FORMAT = dwarf;
				ENABLE_STRICT_OBJC_MSGSEND = YES;
				ENABLE_TESTABILITY = YES;
				ENABLE_USER_SCRIPT_SANDBOXING = YES;
				GCC_C_LANGUAGE_STANDARD = gnu17;
				GCC_DYNAMIC_NO_PIC = NO;
				GCC_NO_COMMON_BLOCKS = YES;
				GCC_OPTIMIZATION_LEVEL = 0;
				GCC_PREPROCESSOR_DEFINITIONS = (
					"DEBUG=1",
					"$(inherited)",
				);
				GCC_WARN_64_TO_32_BIT_CONVERSION = YES;
				GCC_WARN_ABOUT_RETURN_TYPE = YES_ERROR;
				GCC_WARN_UNDECLARED_SELECTOR = YES;
				GCC_WARN_UNINITIALIZED_AUTOS = YES_AGGRESSIVE;
				GCC_WARN_UNUSED_FUNCTION = YES;
				GCC_WARN_UNUSED_VARIABLE = YES;
				IPHONEOS_DEPLOYMENT_TARGET = 17.5;
				LOCALIZATION_PREFERS_STRING_CATALOGS = YES;
				MTL_ENABLE_DEBUG_INFO = INCLUDE_SOURCE;
				MTL_FAST_MATH = YES;
				ONLY_ACTIVE_ARCH = YES;
				SDKROOT = iphoneos;
				SWIFT_ACTIVE_COMPILATION_CONDITIONS = "DEBUG $(inherited)";
				SWIFT_OPTIMIZATION_LEVEL = "-Onone";
			};
			name = Debug;
		};
		2FF6B1172C6F969D00ECF5EE /* Release */ = {
			isa = XCBuildConfiguration;
			buildSettings = {
				ALWAYS_SEARCH_USER_PATHS = NO;
				ASSETCATALOG_COMPILER_GENERATE_SWIFT_ASSET_SYMBOL_EXTENSIONS = YES;
				CLANG_ANALYZER_NONNULL = YES;
				CLANG_ANALYZER_NUMBER_OBJECT_CONVERSION = YES_AGGRESSIVE;
				CLANG_CXX_LANGUAGE_STANDARD = "gnu++20";
				CLANG_ENABLE_MODULES = YES;
				CLANG_ENABLE_OBJC_ARC = YES;
				CLANG_ENABLE_OBJC_WEAK = YES;
				CLANG_WARN_BLOCK_CAPTURE_AUTORELEASING = YES;
				CLANG_WARN_BOOL_CONVERSION = YES;
				CLANG_WARN_COMMA = YES;
				CLANG_WARN_CONSTANT_CONVERSION = YES;
				CLANG_WARN_DEPRECATED_OBJC_IMPLEMENTATIONS = YES;
				CLANG_WARN_DIRECT_OBJC_ISA_USAGE = YES_ERROR;
				CLANG_WARN_DOCUMENTATION_COMMENTS = YES;
				CLANG_WARN_EMPTY_BODY = YES;
				CLANG_WARN_ENUM_CONVERSION = YES;
				CLANG_WARN_INFINITE_RECURSION = YES;
				CLANG_WARN_INT_CONVERSION = YES;
				CLANG_WARN_NON_LITERAL_NULL_CONVERSION = YES;
				CLANG_WARN_OBJC_IMPLICIT_RETAIN_SELF = YES;
				CLANG_WARN_OBJC_LITERAL_CONVERSION = YES;
				CLANG_WARN_OBJC_ROOT_CLASS = YES_ERROR;
				CLANG_WARN_QUOTED_INCLUDE_IN_FRAMEWORK_HEADER = YES;
				CLANG_WARN_RANGE_LOOP_ANALYSIS = YES;
				CLANG_WARN_STRICT_PROTOTYPES = YES;
				CLANG_WARN_SUSPICIOUS_MOVE = YES;
				CLANG_WARN_UNGUARDED_AVAILABILITY = YES_AGGRESSIVE;
				CLANG_WARN_UNREACHABLE_CODE = YES;
				CLANG_WARN__DUPLICATE_METHOD_MATCH = YES;
				COPY_PHASE_STRIP = NO;
				DEBUG_INFORMATION_FORMAT = "dwarf-with-dsym";
				ENABLE_NS_ASSERTIONS = NO;
				ENABLE_STRICT_OBJC_MSGSEND = YES;
				ENABLE_USER_SCRIPT_SANDBOXING = YES;
				GCC_C_LANGUAGE_STANDARD = gnu17;
				GCC_NO_COMMON_BLOCKS = YES;
				GCC_WARN_64_TO_32_BIT_CONVERSION = YES;
				GCC_WARN_ABOUT_RETURN_TYPE = YES_ERROR;
				GCC_WARN_UNDECLARED_SELECTOR = YES;
				GCC_WARN_UNINITIALIZED_AUTOS = YES_AGGRESSIVE;
				GCC_WARN_UNUSED_FUNCTION = YES;
				GCC_WARN_UNUSED_VARIABLE = YES;
				IPHONEOS_DEPLOYMENT_TARGET = 17.5;
				LOCALIZATION_PREFERS_STRING_CATALOGS = YES;
				MTL_ENABLE_DEBUG_INFO = NO;
				MTL_FAST_MATH = YES;
				SDKROOT = iphoneos;
				SWIFT_COMPILATION_MODE = wholemodule;
				VALIDATE_PRODUCT = YES;
			};
			name = Release;
		};
		2FF6B1192C6F969D00ECF5EE /* Debug */ = {
			isa = XCBuildConfiguration;
			buildSettings = {
				ASSETCATALOG_COMPILER_APPICON_NAME = AppIcon;
				ASSETCATALOG_COMPILER_GLOBAL_ACCENT_COLOR_NAME = AccentColor;
				CODE_SIGN_STYLE = Automatic;
				CURRENT_PROJECT_VERSION = 1;
				DEVELOPMENT_ASSET_PATHS = "\"InstagramClone/Preview Content\"";
				DEVELOPMENT_TEAM = F22VW539DG;
				ENABLE_PREVIEWS = YES;
				GENERATE_INFOPLIST_FILE = YES;
				INFOPLIST_KEY_UIApplicationSceneManifest_Generation = YES;
				INFOPLIST_KEY_UIApplicationSupportsIndirectInputEvents = YES;
				INFOPLIST_KEY_UILaunchScreen_Generation = YES;
				INFOPLIST_KEY_UISupportedInterfaceOrientations_iPad = "UIInterfaceOrientationPortrait UIInterfaceOrientationPortraitUpsideDown UIInterfaceOrientationLandscapeLeft UIInterfaceOrientationLandscapeRight";
				INFOPLIST_KEY_UISupportedInterfaceOrientations_iPhone = "UIInterfaceOrientationPortrait UIInterfaceOrientationLandscapeLeft UIInterfaceOrientationLandscapeRight";
				LD_RUNPATH_SEARCH_PATHS = (
					"$(inherited)",
					"@executable_path/Frameworks",
				);
				MARKETING_VERSION = 1.0;
				PRODUCT_BUNDLE_IDENTIFIER = de.Taro.InstagramClone;
				PRODUCT_NAME = "$(TARGET_NAME)";
				SWIFT_EMIT_LOC_STRINGS = YES;
				SWIFT_VERSION = 5.0;
				TARGETED_DEVICE_FAMILY = "1,2";
			};
			name = Debug;
		};
		2FF6B11A2C6F969D00ECF5EE /* Release */ = {
			isa = XCBuildConfiguration;
			buildSettings = {
				ASSETCATALOG_COMPILER_APPICON_NAME = AppIcon;
				ASSETCATALOG_COMPILER_GLOBAL_ACCENT_COLOR_NAME = AccentColor;
				CODE_SIGN_STYLE = Automatic;
				CURRENT_PROJECT_VERSION = 1;
				DEVELOPMENT_ASSET_PATHS = "\"InstagramClone/Preview Content\"";
				DEVELOPMENT_TEAM = F22VW539DG;
				ENABLE_PREVIEWS = YES;
				GENERATE_INFOPLIST_FILE = YES;
				INFOPLIST_KEY_UIApplicationSceneManifest_Generation = YES;
				INFOPLIST_KEY_UIApplicationSupportsIndirectInputEvents = YES;
				INFOPLIST_KEY_UILaunchScreen_Generation = YES;
				INFOPLIST_KEY_UISupportedInterfaceOrientations_iPad = "UIInterfaceOrientationPortrait UIInterfaceOrientationPortraitUpsideDown UIInterfaceOrientationLandscapeLeft UIInterfaceOrientationLandscapeRight";
				INFOPLIST_KEY_UISupportedInterfaceOrientations_iPhone = "UIInterfaceOrientationPortrait UIInterfaceOrientationLandscapeLeft UIInterfaceOrientationLandscapeRight";
				LD_RUNPATH_SEARCH_PATHS = (
					"$(inherited)",
					"@executable_path/Frameworks",
				);
				MARKETING_VERSION = 1.0;
				PRODUCT_BUNDLE_IDENTIFIER = de.Taro.InstagramClone;
				PRODUCT_NAME = "$(TARGET_NAME)";
				SWIFT_EMIT_LOC_STRINGS = YES;
				SWIFT_VERSION = 5.0;
				TARGETED_DEVICE_FAMILY = "1,2";
			};
			name = Release;
		};
/* End XCBuildConfiguration section */

/* Begin XCConfigurationList section */
		2FF6B1052C6F969C00ECF5EE /* Build configuration list for PBXProject "InstagramClone" */ = {
			isa = XCConfigurationList;
			buildConfigurations = (
				2FF6B1162C6F969D00ECF5EE /* Debug */,
				2FF6B1172C6F969D00ECF5EE /* Release */,
			);
			defaultConfigurationIsVisible = 0;
			defaultConfigurationName = Release;
		};
		2FF6B1182C6F969D00ECF5EE /* Build configuration list for PBXNativeTarget "InstagramClone" */ = {
			isa = XCConfigurationList;
			buildConfigurations = (
				2FF6B1192C6F969D00ECF5EE /* Debug */,
				2FF6B11A2C6F969D00ECF5EE /* Release */,
			);
			defaultConfigurationIsVisible = 0;
			defaultConfigurationName = Release;
		};
/* End XCConfigurationList section */

/* Begin XCRemoteSwiftPackageReference section */
		2FB558ED2C7C8679006F9B05 /* XCRemoteSwiftPackageReference "firebase-ios-sdk" */ = {
			isa = XCRemoteSwiftPackageReference;
			repositoryURL = "https://github.com/firebase/firebase-ios-sdk";
			requirement = {
				kind = upToNextMajorVersion;
				minimumVersion = 11.1.0;
			};
		};
/* End XCRemoteSwiftPackageReference section */

/* Begin XCSwiftPackageProductDependency section */
		2FB558EE2C7C8679006F9B05 /* FirebaseAuth */ = {
			isa = XCSwiftPackageProductDependency;
			package = 2FB558ED2C7C8679006F9B05 /* XCRemoteSwiftPackageReference "firebase-ios-sdk" */;
			productName = FirebaseAuth;
		};
		2FB558F02C7C8679006F9B05 /* FirebaseFirestore */ = {
			isa = XCSwiftPackageProductDependency;
			package = 2FB558ED2C7C8679006F9B05 /* XCRemoteSwiftPackageReference "firebase-ios-sdk" */;
			productName = FirebaseFirestore;
		};
		2FB558F22C7C8679006F9B05 /* FirebaseStorage */ = {
			isa = XCSwiftPackageProductDependency;
			package = 2FB558ED2C7C8679006F9B05 /* XCRemoteSwiftPackageReference "firebase-ios-sdk" */;
			productName = FirebaseStorage;
		};
		2FC4F1242C7CD6F6000C48D6 /* FirebaseDatabase */ = {
			isa = XCSwiftPackageProductDependency;
			package = 2FB558ED2C7C8679006F9B05 /* XCRemoteSwiftPackageReference "firebase-ios-sdk" */;
			productName = FirebaseDatabase;
		};
/* End XCSwiftPackageProductDependency section */
	};
	rootObject = 2FF6B1022C6F969C00ECF5EE /* Project object */;
}
